
Microsoft Visual Studio Solution File, Format Version 12.00
# Visual Studio Version 17
VisualStudioVersion = 17.7.34031.279
MinimumVisualStudioVersion = 10.0.40219.1
Project("{FAE04EC0-301F-11D3-BF4B-00C04F79EFBC}") = "Wingstrike", "Wingstrike\Wingstrike.csproj", "{1EF4E4EC-5A21-45FA-AF29-57C22593A01E}"
EndProject
Project("{FAE04EC0-301F-11D3-BF4B-00C04F79EFBC}") = "Wingstrike.Engine", "Wingstrike.Engine\Wingstrike.Engine.csproj", "{B8A088A6-8BC6-4B2C-BF42-24746EEAEB84}"
EndProject
Global
	GlobalSection(SolutionConfigurationPlatforms) = preSolution
		Debug|Any CPU = Debug|Any CPU
		Release|Any CPU = Release|Any CPU
	EndGlobalSection
	GlobalSection(ProjectConfigurationPlatforms) = postSolution
		{1EF4E4EC-5A21-45FA-AF29-57C22593A01E}.Debug|Any CPU.ActiveCfg = Debug|Any CPU
		{1EF4E4EC-5A21-45FA-AF29-57C22593A01E}.Debug|Any CPU.Build.0 = Debug|Any CPU
		{1EF4E4EC-5A21-45FA-AF29-57C22593A01E}.Release|Any CPU.ActiveCfg = Release|Any CPU
		{1EF4E4EC-5A21-45FA-AF29-57C22593A01E}.Release|Any CPU.Build.0 = Release|Any CPU
		{B8A088A6-8BC6-4B2C-BF42-24746EEAEB84}.Debug|Any CPU.ActiveCfg = Debug|Any CPU
		{B8A088A6-8BC6-4B2C-BF42-24746EEAEB84}.Debug|Any CPU.Build.0 = Debug|Any CPU
		{B8A088A6-8BC6-4B2C-BF42-24746EEAEB84}.Release|Any CPU.ActiveCfg = Release|Any CPU
		{B8A088A6-8BC6-4B2C-BF42-24746EEAEB84}.Release|Any CPU.Build.0 = Release|Any CPU
	EndGlobalSection
	GlobalSection(SolutionProperties) = preSolution
		HideSolutionNode = FALSE
	EndGlobalSection
	GlobalSection(ExtensibilityGlobals) = postSolution
		SolutionGuid = {41EB1415-18EC-4C20-83F9-C2F1C6C1D19F}
	EndGlobalSection
EndGlobal
